
Microsoft Visual Studio Solution File, Format Version 12.00
# Visual Studio Version 16
VisualStudioVersion = 16.0.31829.152
MinimumVisualStudioVersion = 10.0.40219.1
Project("{FAE04EC0-301F-11D3-BF4B-00C04F79EFBC}") = "Microtask", "Microtask\Microtask.csproj", "{8F10ADF2-D089-4921-BFA7-55152B409C1E}"
EndProject
Global
	GlobalSection(SolutionConfigurationPlatforms) = preSolution
		Debug|Any CPU = Debug|Any CPU
		Release|Any CPU = Release|Any CPU
	EndGlobalSection
	GlobalSection(ProjectConfigurationPlatforms) = postSolution
		{8F10ADF2-D089-4921-BFA7-55152B409C1E}.Debug|Any CPU.ActiveCfg = Debug|Any CPU
		{8F10ADF2-D089-4921-BFA7-55152B409C1E}.Debug|Any CPU.Build.0 = Debug|Any CPU
		{8F10ADF2-D089-4921-BFA7-55152B409C1E}.Release|Any CPU.ActiveCfg = Release|Any CPU
		{8F10ADF2-D089-4921-BFA7-55152B409C1E}.Release|Any CPU.Build.0 = Release|Any CPU
	EndGlobalSection
	GlobalSection(SolutionProperties) = preSolution
		HideSolutionNode = FALSE
	EndGlobalSection
	GlobalSection(ExtensibilityGlobals) = postSolution
		SolutionGuid = {945F9E3B-33E7-4CB8-8D1E-5B498337ED72}
	EndGlobalSection
EndGlobal
